
Microsoft Visual Studio Solution File, Format Version 12.00
# Visual Studio 15
VisualStudioVersion = 15.0.27703.2042
MinimumVisualStudioVersion = 10.0.40219.1
Project("{9A19103F-16F7-4668-BE54-9A1E7A4F7556}") = "MyLibrary.Web", "MyLibrary\MyLibrary.Web.csproj", "{2AB8A8DA-9D77-4DE0-B1D1-5922A68CB69E}"
EndProject
Project("{9A19103F-16F7-4668-BE54-9A1E7A4F7556}") = "MyLibrary.Data", "MyLibrary.Data\MyLibrary.Data.csproj", "{B59A2880-DA3C-481C-80AF-B5A141BC4DD3}"
EndProject
Project("{9A19103F-16F7-4668-BE54-9A1E7A4F7556}") = "MyLibrary.Models", "MyLibrary.Models\MyLibrary.Models.csproj", "{223F8858-4F94-4514-B681-209936C4A434}"
EndProject
Project("{FAE04EC0-301F-11D3-BF4B-00C04F79EFBC}") = "MyLibrary.Common", "MyLibrary.Common\MyLibrary.Common.csproj", "{FBC60C84-2CB1-4874-B33C-03F437D14E5D}"
EndProject
Global
	GlobalSection(SolutionConfigurationPlatforms) = preSolution
		Debug|Any CPU = Debug|Any CPU
		Release|Any CPU = Release|Any CPU
	EndGlobalSection
	GlobalSection(ProjectConfigurationPlatforms) = postSolution
		{2AB8A8DA-9D77-4DE0-B1D1-5922A68CB69E}.Debug|Any CPU.ActiveCfg = Debug|Any CPU
		{2AB8A8DA-9D77-4DE0-B1D1-5922A68CB69E}.Debug|Any CPU.Build.0 = Debug|Any CPU
		{2AB8A8DA-9D77-4DE0-B1D1-5922A68CB69E}.Release|Any CPU.ActiveCfg = Release|Any CPU
		{2AB8A8DA-9D77-4DE0-B1D1-5922A68CB69E}.Release|Any CPU.Build.0 = Release|Any CPU
		{B59A2880-DA3C-481C-80AF-B5A141BC4DD3}.Debug|Any CPU.ActiveCfg = Debug|Any CPU
		{B59A2880-DA3C-481C-80AF-B5A141BC4DD3}.Debug|Any CPU.Build.0 = Debug|Any CPU
		{B59A2880-DA3C-481C-80AF-B5A141BC4DD3}.Release|Any CPU.ActiveCfg = Release|Any CPU
		{B59A2880-DA3C-481C-80AF-B5A141BC4DD3}.Release|Any CPU.Build.0 = Release|Any CPU
		{223F8858-4F94-4514-B681-209936C4A434}.Debug|Any CPU.ActiveCfg = Debug|Any CPU
		{223F8858-4F94-4514-B681-209936C4A434}.Debug|Any CPU.Build.0 = Debug|Any CPU
		{223F8858-4F94-4514-B681-209936C4A434}.Release|Any CPU.ActiveCfg = Release|Any CPU
		{223F8858-4F94-4514-B681-209936C4A434}.Release|Any CPU.Build.0 = Release|Any CPU
		{FBC60C84-2CB1-4874-B33C-03F437D14E5D}.Debug|Any CPU.ActiveCfg = Debug|Any CPU
		{FBC60C84-2CB1-4874-B33C-03F437D14E5D}.Debug|Any CPU.Build.0 = Debug|Any CPU
		{FBC60C84-2CB1-4874-B33C-03F437D14E5D}.Release|Any CPU.ActiveCfg = Release|Any CPU
		{FBC60C84-2CB1-4874-B33C-03F437D14E5D}.Release|Any CPU.Build.0 = Release|Any CPU
	EndGlobalSection
	GlobalSection(SolutionProperties) = preSolution
		HideSolutionNode = FALSE
	EndGlobalSection
	GlobalSection(ExtensibilityGlobals) = postSolution
		SolutionGuid = {B243099D-8247-4F8B-B031-BA8626A64534}
	EndGlobalSection
EndGlobal
