
Microsoft Visual Studio Solution File, Format Version 12.00
# Visual Studio 15
VisualStudioVersion = 15.0.27004.2006
MinimumVisualStudioVersion = 10.0.40219.1
Project("{9A19103F-16F7-4668-BE54-9A1E7A4F7556}") = "P01_ReverseArray", "P01_ReverseArray\P01_ReverseArray.csproj", "{ADA47937-3C89-4317-9EC9-6485BEE35E81}"
EndProject
Project("{9A19103F-16F7-4668-BE54-9A1E7A4F7556}") = "P02_NestedLoops", "P02_NestedLoops\P02_NestedLoops.csproj", "{CAFC7D98-3EAD-4A72-AAD5-70D1D3BA1F7E}"
EndProject
Project("{FAE04EC0-301F-11D3-BF4B-00C04F79EFBC}") = "P03_ComboswithReps", "P03_ComboswithReps\P03_ComboswithReps.csproj", "{BB655340-DE5C-4CCB-B291-A034CA634F48}"
EndProject
Project("{FAE04EC0-301F-11D3-BF4B-00C04F79EFBC}") = "P04_TowersOfHanoi", "P04_TowersOfHanoi\P04_TowersOfHanoi.csproj", "{B9657189-517F-43AD-819D-99C5CB5BFDA1}"
EndProject
Project("{FAE04EC0-301F-11D3-BF4B-00C04F79EFBC}") = "P05_CombosNoReps", "P05_CombosNoReps\P05_CombosNoReps.csproj", "{06F47C6E-E789-40AC-B0E4-0D96B0697E6E}"
EndProject
Project("{FAE04EC0-301F-11D3-BF4B-00C04F79EFBC}") = "P06_ConnectedAreasMatrix", "P06_ConnectedAreasMatrix\P06_ConnectedAreasMatrix.csproj", "{AA4919A2-854E-4A9F-8243-CBF647A0B9AD}"
EndProject
Global
	GlobalSection(SolutionConfigurationPlatforms) = preSolution
		Debug|Any CPU = Debug|Any CPU
		Release|Any CPU = Release|Any CPU
	EndGlobalSection
	GlobalSection(ProjectConfigurationPlatforms) = postSolution
		{ADA47937-3C89-4317-9EC9-6485BEE35E81}.Debug|Any CPU.ActiveCfg = Debug|Any CPU
		{ADA47937-3C89-4317-9EC9-6485BEE35E81}.Debug|Any CPU.Build.0 = Debug|Any CPU
		{ADA47937-3C89-4317-9EC9-6485BEE35E81}.Release|Any CPU.ActiveCfg = Release|Any CPU
		{ADA47937-3C89-4317-9EC9-6485BEE35E81}.Release|Any CPU.Build.0 = Release|Any CPU
		{CAFC7D98-3EAD-4A72-AAD5-70D1D3BA1F7E}.Debug|Any CPU.ActiveCfg = Debug|Any CPU
		{CAFC7D98-3EAD-4A72-AAD5-70D1D3BA1F7E}.Debug|Any CPU.Build.0 = Debug|Any CPU
		{CAFC7D98-3EAD-4A72-AAD5-70D1D3BA1F7E}.Release|Any CPU.ActiveCfg = Release|Any CPU
		{CAFC7D98-3EAD-4A72-AAD5-70D1D3BA1F7E}.Release|Any CPU.Build.0 = Release|Any CPU
		{BB655340-DE5C-4CCB-B291-A034CA634F48}.Debug|Any CPU.ActiveCfg = Debug|Any CPU
		{BB655340-DE5C-4CCB-B291-A034CA634F48}.Debug|Any CPU.Build.0 = Debug|Any CPU
		{BB655340-DE5C-4CCB-B291-A034CA634F48}.Release|Any CPU.ActiveCfg = Release|Any CPU
		{BB655340-DE5C-4CCB-B291-A034CA634F48}.Release|Any CPU.Build.0 = Release|Any CPU
		{B9657189-517F-43AD-819D-99C5CB5BFDA1}.Debug|Any CPU.ActiveCfg = Debug|Any CPU
		{B9657189-517F-43AD-819D-99C5CB5BFDA1}.Debug|Any CPU.Build.0 = Debug|Any CPU
		{B9657189-517F-43AD-819D-99C5CB5BFDA1}.Release|Any CPU.ActiveCfg = Release|Any CPU
		{B9657189-517F-43AD-819D-99C5CB5BFDA1}.Release|Any CPU.Build.0 = Release|Any CPU
		{06F47C6E-E789-40AC-B0E4-0D96B0697E6E}.Debug|Any CPU.ActiveCfg = Debug|Any CPU
		{06F47C6E-E789-40AC-B0E4-0D96B0697E6E}.Debug|Any CPU.Build.0 = Debug|Any CPU
		{06F47C6E-E789-40AC-B0E4-0D96B0697E6E}.Release|Any CPU.ActiveCfg = Release|Any CPU
		{06F47C6E-E789-40AC-B0E4-0D96B0697E6E}.Release|Any CPU.Build.0 = Release|Any CPU
		{AA4919A2-854E-4A9F-8243-CBF647A0B9AD}.Debug|Any CPU.ActiveCfg = Debug|Any CPU
		{AA4919A2-854E-4A9F-8243-CBF647A0B9AD}.Debug|Any CPU.Build.0 = Debug|Any CPU
		{AA4919A2-854E-4A9F-8243-CBF647A0B9AD}.Release|Any CPU.ActiveCfg = Release|Any CPU
		{AA4919A2-854E-4A9F-8243-CBF647A0B9AD}.Release|Any CPU.Build.0 = Release|Any CPU
	EndGlobalSection
	GlobalSection(SolutionProperties) = preSolution
		HideSolutionNode = FALSE
	EndGlobalSection
	GlobalSection(ExtensibilityGlobals) = postSolution
		SolutionGuid = {C75FDF3E-44DC-4731-BA8A-F131658E1FC4}
	EndGlobalSection
EndGlobal
