
Microsoft Visual Studio Solution File, Format Version 12.00
# Visual Studio 15
VisualStudioVersion = 15.0.27004.2006
MinimumVisualStudioVersion = 10.0.40219.1
Project("{9A19103F-16F7-4668-BE54-9A1E7A4F7556}") = "01. Bank Account", "01. Bank Account\01. Bank Account.csproj", "{0879257B-E48F-47A5-B936-CD1BE73B4833}"
EndProject
Project("{9A19103F-16F7-4668-BE54-9A1E7A4F7556}") = "02. Bank Account Methods", "02. Bank Account Methods\02. Bank Account Methods.csproj", "{FA6730CD-F684-4F3B-A266-B8E4543E9799}"
EndProject
Project("{9A19103F-16F7-4668-BE54-9A1E7A4F7556}") = "03.Test Client", "03. Test Client\03.Test Client.csproj", "{ED39600A-432E-45FB-8FF4-AB18BB0B93E0}"
EndProject
Project("{9A19103F-16F7-4668-BE54-9A1E7A4F7556}") = "04. Person Class", "04. Person Class\04. Person Class.csproj", "{45286BF5-D18E-4F5F-B51B-2CC60CA8474F}"
EndProject
Global
	GlobalSection(SolutionConfigurationPlatforms) = preSolution
		Debug|Any CPU = Debug|Any CPU
		Release|Any CPU = Release|Any CPU
	EndGlobalSection
	GlobalSection(ProjectConfigurationPlatforms) = postSolution
		{0879257B-E48F-47A5-B936-CD1BE73B4833}.Debug|Any CPU.ActiveCfg = Debug|Any CPU
		{0879257B-E48F-47A5-B936-CD1BE73B4833}.Debug|Any CPU.Build.0 = Debug|Any CPU
		{0879257B-E48F-47A5-B936-CD1BE73B4833}.Release|Any CPU.ActiveCfg = Release|Any CPU
		{0879257B-E48F-47A5-B936-CD1BE73B4833}.Release|Any CPU.Build.0 = Release|Any CPU
		{FA6730CD-F684-4F3B-A266-B8E4543E9799}.Debug|Any CPU.ActiveCfg = Debug|Any CPU
		{FA6730CD-F684-4F3B-A266-B8E4543E9799}.Debug|Any CPU.Build.0 = Debug|Any CPU
		{FA6730CD-F684-4F3B-A266-B8E4543E9799}.Release|Any CPU.ActiveCfg = Release|Any CPU
		{FA6730CD-F684-4F3B-A266-B8E4543E9799}.Release|Any CPU.Build.0 = Release|Any CPU
		{ED39600A-432E-45FB-8FF4-AB18BB0B93E0}.Debug|Any CPU.ActiveCfg = Debug|Any CPU
		{ED39600A-432E-45FB-8FF4-AB18BB0B93E0}.Debug|Any CPU.Build.0 = Debug|Any CPU
		{ED39600A-432E-45FB-8FF4-AB18BB0B93E0}.Release|Any CPU.ActiveCfg = Release|Any CPU
		{ED39600A-432E-45FB-8FF4-AB18BB0B93E0}.Release|Any CPU.Build.0 = Release|Any CPU
		{45286BF5-D18E-4F5F-B51B-2CC60CA8474F}.Debug|Any CPU.ActiveCfg = Debug|Any CPU
		{45286BF5-D18E-4F5F-B51B-2CC60CA8474F}.Debug|Any CPU.Build.0 = Debug|Any CPU
		{45286BF5-D18E-4F5F-B51B-2CC60CA8474F}.Release|Any CPU.ActiveCfg = Release|Any CPU
		{45286BF5-D18E-4F5F-B51B-2CC60CA8474F}.Release|Any CPU.Build.0 = Release|Any CPU
	EndGlobalSection
	GlobalSection(SolutionProperties) = preSolution
		HideSolutionNode = FALSE
	EndGlobalSection
	GlobalSection(ExtensibilityGlobals) = postSolution
		SolutionGuid = {6DD16458-8213-4780-A5E6-AD355788A781}
	EndGlobalSection
EndGlobal
