
Microsoft Visual Studio Solution File, Format Version 12.00
# Visual Studio 15
VisualStudioVersion = 15.0.27004.2006
MinimumVisualStudioVersion = 10.0.40219.1
Project("{9A19103F-16F7-4668-BE54-9A1E7A4F7556}") = "WebServer", "WebServer\WebServer.csproj", "{72911109-BEDB-43A3-9747-05BE33389BD1}"
EndProject
Project("{9A19103F-16F7-4668-BE54-9A1E7A4F7556}") = "SimpleMvc.Framework", "SimpleMvc.Framework\SimpleMvc.Framework.csproj", "{2E30A87E-909C-4947-99B7-E16CAD67EC56}"
EndProject
Project("{FAE04EC0-301F-11D3-BF4B-00C04F79EFBC}") = "SimpleMvc.App", "SimpleMvc.App\SimpleMvc.App.csproj", "{9E410906-979E-4C52-8F53-958C30DC2D4E}"
EndProject
Project("{FAE04EC0-301F-11D3-BF4B-00C04F79EFBC}") = "SimpleMvc.Data", "SimpleMvc.Data\SimpleMvc.Data.csproj", "{DF7F1827-BEAE-4AD0-90E1-1323C8F7DF3E}"
EndProject
Project("{FAE04EC0-301F-11D3-BF4B-00C04F79EFBC}") = "SimpleMvc.Domain", "SimpleMvc.Domain\SimpleMvc.Domain.csproj", "{9BFD2280-ACEF-44F8-B210-0B038BE20D11}"
EndProject
Global
	GlobalSection(SolutionConfigurationPlatforms) = preSolution
		Debug|Any CPU = Debug|Any CPU
		Release|Any CPU = Release|Any CPU
	EndGlobalSection
	GlobalSection(ProjectConfigurationPlatforms) = postSolution
		{72911109-BEDB-43A3-9747-05BE33389BD1}.Debug|Any CPU.ActiveCfg = Debug|Any CPU
		{72911109-BEDB-43A3-9747-05BE33389BD1}.Debug|Any CPU.Build.0 = Debug|Any CPU
		{72911109-BEDB-43A3-9747-05BE33389BD1}.Release|Any CPU.ActiveCfg = Release|Any CPU
		{72911109-BEDB-43A3-9747-05BE33389BD1}.Release|Any CPU.Build.0 = Release|Any CPU
		{2E30A87E-909C-4947-99B7-E16CAD67EC56}.Debug|Any CPU.ActiveCfg = Debug|Any CPU
		{2E30A87E-909C-4947-99B7-E16CAD67EC56}.Debug|Any CPU.Build.0 = Debug|Any CPU
		{2E30A87E-909C-4947-99B7-E16CAD67EC56}.Release|Any CPU.ActiveCfg = Release|Any CPU
		{2E30A87E-909C-4947-99B7-E16CAD67EC56}.Release|Any CPU.Build.0 = Release|Any CPU
		{9E410906-979E-4C52-8F53-958C30DC2D4E}.Debug|Any CPU.ActiveCfg = Debug|Any CPU
		{9E410906-979E-4C52-8F53-958C30DC2D4E}.Debug|Any CPU.Build.0 = Debug|Any CPU
		{9E410906-979E-4C52-8F53-958C30DC2D4E}.Release|Any CPU.ActiveCfg = Release|Any CPU
		{9E410906-979E-4C52-8F53-958C30DC2D4E}.Release|Any CPU.Build.0 = Release|Any CPU
		{DF7F1827-BEAE-4AD0-90E1-1323C8F7DF3E}.Debug|Any CPU.ActiveCfg = Debug|Any CPU
		{DF7F1827-BEAE-4AD0-90E1-1323C8F7DF3E}.Debug|Any CPU.Build.0 = Debug|Any CPU
		{DF7F1827-BEAE-4AD0-90E1-1323C8F7DF3E}.Release|Any CPU.ActiveCfg = Release|Any CPU
		{DF7F1827-BEAE-4AD0-90E1-1323C8F7DF3E}.Release|Any CPU.Build.0 = Release|Any CPU
		{9BFD2280-ACEF-44F8-B210-0B038BE20D11}.Debug|Any CPU.ActiveCfg = Debug|Any CPU
		{9BFD2280-ACEF-44F8-B210-0B038BE20D11}.Debug|Any CPU.Build.0 = Debug|Any CPU
		{9BFD2280-ACEF-44F8-B210-0B038BE20D11}.Release|Any CPU.ActiveCfg = Release|Any CPU
		{9BFD2280-ACEF-44F8-B210-0B038BE20D11}.Release|Any CPU.Build.0 = Release|Any CPU
	EndGlobalSection
	GlobalSection(SolutionProperties) = preSolution
		HideSolutionNode = FALSE
	EndGlobalSection
	GlobalSection(ExtensibilityGlobals) = postSolution
		SolutionGuid = {3ABA898C-743A-4BCB-94FE-871C34896B4B}
	EndGlobalSection
EndGlobal
