
Microsoft Visual Studio Solution File, Format Version 12.00
# Visual Studio 15
VisualStudioVersion = 15.0.27004.2006
MinimumVisualStudioVersion = 10.0.40219.1
Project("{FAE04EC0-301F-11D3-BF4B-00C04F79EFBC}") = "GrandPrix", "GrandPrix\GrandPrix.csproj", "{62959F6A-BD87-46F1-BB4B-0D3181F9EED0}"
EndProject
Global
	GlobalSection(SolutionConfigurationPlatforms) = preSolution
		Debug|Any CPU = Debug|Any CPU
		Release|Any CPU = Release|Any CPU
	EndGlobalSection
	GlobalSection(ProjectConfigurationPlatforms) = postSolution
		{62959F6A-BD87-46F1-BB4B-0D3181F9EED0}.Debug|Any CPU.ActiveCfg = Debug|Any CPU
		{62959F6A-BD87-46F1-BB4B-0D3181F9EED0}.Debug|Any CPU.Build.0 = Debug|Any CPU
		{62959F6A-BD87-46F1-BB4B-0D3181F9EED0}.Release|Any CPU.ActiveCfg = Release|Any CPU
		{62959F6A-BD87-46F1-BB4B-0D3181F9EED0}.Release|Any CPU.Build.0 = Release|Any CPU
	EndGlobalSection
	GlobalSection(SolutionProperties) = preSolution
		HideSolutionNode = FALSE
	EndGlobalSection
	GlobalSection(ExtensibilityGlobals) = postSolution
		SolutionGuid = {6420B07F-DA84-4B17-9DE6-4555C053DF8C}
	EndGlobalSection
EndGlobal
