
Microsoft Visual Studio Solution File, Format Version 12.00
# Visual Studio 15
VisualStudioVersion = 15.0.27004.2006
MinimumVisualStudioVersion = 10.0.40219.1
Project("{9A19103F-16F7-4668-BE54-9A1E7A4F7556}") = "P01_RecursArrSum", "P01_RecursArrSum\P01_RecursArrSum.csproj", "{FA9B0C64-A947-4CC4-972B-2C34BB03180A}"
EndProject
Project("{9A19103F-16F7-4668-BE54-9A1E7A4F7556}") = "P02_RecursiveFactorial", "P02_RecursiveFactorial\P02_RecursiveFactorial.csproj", "{698AEE1C-F97A-49F5-B1E6-B1CF59AA184F}"
EndProject
Project("{9A19103F-16F7-4668-BE54-9A1E7A4F7556}") = "P03_RecursiveDrawing", "P03_RecursiveDrawing\P03_RecursiveDrawing.csproj", "{1DFFF049-180D-46C8-B35A-72149F7F2B0F}"
EndProject
Project("{9A19103F-16F7-4668-BE54-9A1E7A4F7556}") = "P04_Gener0-1Vectors", "P04_Gener0-1Vectors\P04_Gener0-1Vectors.csproj", "{1677D830-83D4-4D9A-B7AE-4BC7D3CC2948}"
EndProject
Project("{9A19103F-16F7-4668-BE54-9A1E7A4F7556}") = "P05_GeneratingCombos", "P05_GeneratingCombos\P05_GeneratingCombos.csproj", "{B0B3B13E-9E6B-44A5-B302-D892B78A109F}"
EndProject
Project("{FAE04EC0-301F-11D3-BF4B-00C04F79EFBC}") = "P06_8QueensPuzzle", "P06_8QueensPuzzle\P06_8QueensPuzzle.csproj", "{51DA952E-A27B-4004-AA6F-4D3FE82E6B0C}"
EndProject
Project("{FAE04EC0-301F-11D3-BF4B-00C04F79EFBC}") = "P07_PathsInLabyrinth", "P07_PathsInLabyrinth\P07_PathsInLabyrinth.csproj", "{2F414C1D-EF31-45BC-B0A2-E3292882387D}"
EndProject
Global
	GlobalSection(SolutionConfigurationPlatforms) = preSolution
		Debug|Any CPU = Debug|Any CPU
		Release|Any CPU = Release|Any CPU
	EndGlobalSection
	GlobalSection(ProjectConfigurationPlatforms) = postSolution
		{FA9B0C64-A947-4CC4-972B-2C34BB03180A}.Debug|Any CPU.ActiveCfg = Debug|Any CPU
		{FA9B0C64-A947-4CC4-972B-2C34BB03180A}.Debug|Any CPU.Build.0 = Debug|Any CPU
		{FA9B0C64-A947-4CC4-972B-2C34BB03180A}.Release|Any CPU.ActiveCfg = Release|Any CPU
		{FA9B0C64-A947-4CC4-972B-2C34BB03180A}.Release|Any CPU.Build.0 = Release|Any CPU
		{698AEE1C-F97A-49F5-B1E6-B1CF59AA184F}.Debug|Any CPU.ActiveCfg = Debug|Any CPU
		{698AEE1C-F97A-49F5-B1E6-B1CF59AA184F}.Debug|Any CPU.Build.0 = Debug|Any CPU
		{698AEE1C-F97A-49F5-B1E6-B1CF59AA184F}.Release|Any CPU.ActiveCfg = Release|Any CPU
		{698AEE1C-F97A-49F5-B1E6-B1CF59AA184F}.Release|Any CPU.Build.0 = Release|Any CPU
		{1DFFF049-180D-46C8-B35A-72149F7F2B0F}.Debug|Any CPU.ActiveCfg = Debug|Any CPU
		{1DFFF049-180D-46C8-B35A-72149F7F2B0F}.Debug|Any CPU.Build.0 = Debug|Any CPU
		{1DFFF049-180D-46C8-B35A-72149F7F2B0F}.Release|Any CPU.ActiveCfg = Release|Any CPU
		{1DFFF049-180D-46C8-B35A-72149F7F2B0F}.Release|Any CPU.Build.0 = Release|Any CPU
		{1677D830-83D4-4D9A-B7AE-4BC7D3CC2948}.Debug|Any CPU.ActiveCfg = Debug|Any CPU
		{1677D830-83D4-4D9A-B7AE-4BC7D3CC2948}.Debug|Any CPU.Build.0 = Debug|Any CPU
		{1677D830-83D4-4D9A-B7AE-4BC7D3CC2948}.Release|Any CPU.ActiveCfg = Release|Any CPU
		{1677D830-83D4-4D9A-B7AE-4BC7D3CC2948}.Release|Any CPU.Build.0 = Release|Any CPU
		{B0B3B13E-9E6B-44A5-B302-D892B78A109F}.Debug|Any CPU.ActiveCfg = Debug|Any CPU
		{B0B3B13E-9E6B-44A5-B302-D892B78A109F}.Debug|Any CPU.Build.0 = Debug|Any CPU
		{B0B3B13E-9E6B-44A5-B302-D892B78A109F}.Release|Any CPU.ActiveCfg = Release|Any CPU
		{B0B3B13E-9E6B-44A5-B302-D892B78A109F}.Release|Any CPU.Build.0 = Release|Any CPU
		{51DA952E-A27B-4004-AA6F-4D3FE82E6B0C}.Debug|Any CPU.ActiveCfg = Debug|Any CPU
		{51DA952E-A27B-4004-AA6F-4D3FE82E6B0C}.Debug|Any CPU.Build.0 = Debug|Any CPU
		{51DA952E-A27B-4004-AA6F-4D3FE82E6B0C}.Release|Any CPU.ActiveCfg = Release|Any CPU
		{51DA952E-A27B-4004-AA6F-4D3FE82E6B0C}.Release|Any CPU.Build.0 = Release|Any CPU
		{2F414C1D-EF31-45BC-B0A2-E3292882387D}.Debug|Any CPU.ActiveCfg = Debug|Any CPU
		{2F414C1D-EF31-45BC-B0A2-E3292882387D}.Debug|Any CPU.Build.0 = Debug|Any CPU
		{2F414C1D-EF31-45BC-B0A2-E3292882387D}.Release|Any CPU.ActiveCfg = Release|Any CPU
		{2F414C1D-EF31-45BC-B0A2-E3292882387D}.Release|Any CPU.Build.0 = Release|Any CPU
	EndGlobalSection
	GlobalSection(SolutionProperties) = preSolution
		HideSolutionNode = FALSE
	EndGlobalSection
	GlobalSection(ExtensibilityGlobals) = postSolution
		SolutionGuid = {13AA101D-EC1D-45F3-9393-4B6034E27C48}
	EndGlobalSection
EndGlobal
