
Microsoft Visual Studio Solution File, Format Version 12.00
# Visual Studio 15
VisualStudioVersion = 15.0.28307.329
MinimumVisualStudioVersion = 10.0.40219.1
Project("{9A19103F-16F7-4668-BE54-9A1E7A4F7556}") = "01.BinomCoefficients", "01.BinomCoefficients\01.BinomCoefficients.csproj", "{826A9010-1A3F-4CD6-8336-CA7AFA33735E}"
EndProject
Project("{9A19103F-16F7-4668-BE54-9A1E7A4F7556}") = "02.LongestZigZag", "02.LongestZigZag\02.LongestZigZag.csproj", "{EBF6735A-BA79-472C-B8BE-5E3C06A4C1DA}"
EndProject
Project("{9A19103F-16F7-4668-BE54-9A1E7A4F7556}") = "03.DividingPresents", "03.DividingPresents\03.DividingPresents.csproj", "{54DD9D83-8073-4F92-BD9D-A797D6901617}"
EndProject
Project("{FAE04EC0-301F-11D3-BF4B-00C04F79EFBC}") = "04.SumUnlimitedCoins", "04.SumUnlimitedCoins\04.SumUnlimitedCoins.csproj", "{7BD52402-3711-42C4-9EC7-2BCE294C91FA}"
EndProject
Global
	GlobalSection(SolutionConfigurationPlatforms) = preSolution
		Debug|Any CPU = Debug|Any CPU
		Release|Any CPU = Release|Any CPU
	EndGlobalSection
	GlobalSection(ProjectConfigurationPlatforms) = postSolution
		{826A9010-1A3F-4CD6-8336-CA7AFA33735E}.Debug|Any CPU.ActiveCfg = Debug|Any CPU
		{826A9010-1A3F-4CD6-8336-CA7AFA33735E}.Debug|Any CPU.Build.0 = Debug|Any CPU
		{826A9010-1A3F-4CD6-8336-CA7AFA33735E}.Release|Any CPU.ActiveCfg = Release|Any CPU
		{826A9010-1A3F-4CD6-8336-CA7AFA33735E}.Release|Any CPU.Build.0 = Release|Any CPU
		{EBF6735A-BA79-472C-B8BE-5E3C06A4C1DA}.Debug|Any CPU.ActiveCfg = Debug|Any CPU
		{EBF6735A-BA79-472C-B8BE-5E3C06A4C1DA}.Debug|Any CPU.Build.0 = Debug|Any CPU
		{EBF6735A-BA79-472C-B8BE-5E3C06A4C1DA}.Release|Any CPU.ActiveCfg = Release|Any CPU
		{EBF6735A-BA79-472C-B8BE-5E3C06A4C1DA}.Release|Any CPU.Build.0 = Release|Any CPU
		{54DD9D83-8073-4F92-BD9D-A797D6901617}.Debug|Any CPU.ActiveCfg = Debug|Any CPU
		{54DD9D83-8073-4F92-BD9D-A797D6901617}.Debug|Any CPU.Build.0 = Debug|Any CPU
		{54DD9D83-8073-4F92-BD9D-A797D6901617}.Release|Any CPU.ActiveCfg = Release|Any CPU
		{54DD9D83-8073-4F92-BD9D-A797D6901617}.Release|Any CPU.Build.0 = Release|Any CPU
		{7BD52402-3711-42C4-9EC7-2BCE294C91FA}.Debug|Any CPU.ActiveCfg = Debug|Any CPU
		{7BD52402-3711-42C4-9EC7-2BCE294C91FA}.Debug|Any CPU.Build.0 = Debug|Any CPU
		{7BD52402-3711-42C4-9EC7-2BCE294C91FA}.Release|Any CPU.ActiveCfg = Release|Any CPU
		{7BD52402-3711-42C4-9EC7-2BCE294C91FA}.Release|Any CPU.Build.0 = Release|Any CPU
	EndGlobalSection
	GlobalSection(SolutionProperties) = preSolution
		HideSolutionNode = FALSE
	EndGlobalSection
	GlobalSection(ExtensibilityGlobals) = postSolution
		SolutionGuid = {D089A200-ADCA-4741-B043-25319D3F8157}
	EndGlobalSection
EndGlobal
