
Microsoft Visual Studio Solution File, Format Version 12.00
# Visual Studio 15
VisualStudioVersion = 15.0.27004.2006
MinimumVisualStudioVersion = 10.0.40219.1
Project("{FAE04EC0-301F-11D3-BF4B-00C04F79EFBC}") = "Avatar", "Avatar\Avatar.csproj", "{830744B5-FF6C-436A-BABD-5440967CBFE8}"
EndProject
Global
	GlobalSection(SolutionConfigurationPlatforms) = preSolution
		Debug|Any CPU = Debug|Any CPU
		Release|Any CPU = Release|Any CPU
	EndGlobalSection
	GlobalSection(ProjectConfigurationPlatforms) = postSolution
		{830744B5-FF6C-436A-BABD-5440967CBFE8}.Debug|Any CPU.ActiveCfg = Debug|Any CPU
		{830744B5-FF6C-436A-BABD-5440967CBFE8}.Debug|Any CPU.Build.0 = Debug|Any CPU
		{830744B5-FF6C-436A-BABD-5440967CBFE8}.Release|Any CPU.ActiveCfg = Release|Any CPU
		{830744B5-FF6C-436A-BABD-5440967CBFE8}.Release|Any CPU.Build.0 = Release|Any CPU
	EndGlobalSection
	GlobalSection(SolutionProperties) = preSolution
		HideSolutionNode = FALSE
	EndGlobalSection
	GlobalSection(ExtensibilityGlobals) = postSolution
		SolutionGuid = {09B14801-CE1B-47BD-9CB8-447B8F5D4F45}
	EndGlobalSection
EndGlobal
