
Microsoft Visual Studio Solution File, Format Version 12.00
# Visual Studio 15
VisualStudioVersion = 15.0.28307.329
MinimumVisualStudioVersion = 10.0.40219.1
Project("{9A19103F-16F7-4668-BE54-9A1E7A4F7556}") = "01.Sorting", "01.Sorting\01.Sorting.csproj", "{D6F55285-D0CE-4A48-A9C8-790EF20C659A}"
EndProject
Project("{9A19103F-16F7-4668-BE54-9A1E7A4F7556}") = "02.Searching", "02.Searching\02.Searching.csproj", "{0A42851C-42AC-4D75-93E0-337E88F5617F}"
EndProject
Project("{9A19103F-16F7-4668-BE54-9A1E7A4F7556}") = "03.InversionCount", "03.InversionCount\03.InversionCount.csproj", "{666AC52E-2404-4B8A-9A1D-7C2D33D3BCCC}"
EndProject
Project("{9A19103F-16F7-4668-BE54-9A1E7A4F7556}") = "04.Needles", "04.Needles\04.Needles.csproj", "{05BA5517-B3B1-4FC8-A84D-8AE07513F95D}"
EndProject
Project("{FAE04EC0-301F-11D3-BF4B-00C04F79EFBC}") = "05.Words", "05.Words\05.Words.csproj", "{2E49E3C6-9C2F-41DA-B4F3-6869A43E7CBC}"
EndProject
Global
	GlobalSection(SolutionConfigurationPlatforms) = preSolution
		Debug|Any CPU = Debug|Any CPU
		Release|Any CPU = Release|Any CPU
	EndGlobalSection
	GlobalSection(ProjectConfigurationPlatforms) = postSolution
		{D6F55285-D0CE-4A48-A9C8-790EF20C659A}.Debug|Any CPU.ActiveCfg = Debug|Any CPU
		{D6F55285-D0CE-4A48-A9C8-790EF20C659A}.Debug|Any CPU.Build.0 = Debug|Any CPU
		{D6F55285-D0CE-4A48-A9C8-790EF20C659A}.Release|Any CPU.ActiveCfg = Release|Any CPU
		{D6F55285-D0CE-4A48-A9C8-790EF20C659A}.Release|Any CPU.Build.0 = Release|Any CPU
		{0A42851C-42AC-4D75-93E0-337E88F5617F}.Debug|Any CPU.ActiveCfg = Debug|Any CPU
		{0A42851C-42AC-4D75-93E0-337E88F5617F}.Debug|Any CPU.Build.0 = Debug|Any CPU
		{0A42851C-42AC-4D75-93E0-337E88F5617F}.Release|Any CPU.ActiveCfg = Release|Any CPU
		{0A42851C-42AC-4D75-93E0-337E88F5617F}.Release|Any CPU.Build.0 = Release|Any CPU
		{666AC52E-2404-4B8A-9A1D-7C2D33D3BCCC}.Debug|Any CPU.ActiveCfg = Debug|Any CPU
		{666AC52E-2404-4B8A-9A1D-7C2D33D3BCCC}.Debug|Any CPU.Build.0 = Debug|Any CPU
		{666AC52E-2404-4B8A-9A1D-7C2D33D3BCCC}.Release|Any CPU.ActiveCfg = Release|Any CPU
		{666AC52E-2404-4B8A-9A1D-7C2D33D3BCCC}.Release|Any CPU.Build.0 = Release|Any CPU
		{05BA5517-B3B1-4FC8-A84D-8AE07513F95D}.Debug|Any CPU.ActiveCfg = Debug|Any CPU
		{05BA5517-B3B1-4FC8-A84D-8AE07513F95D}.Debug|Any CPU.Build.0 = Debug|Any CPU
		{05BA5517-B3B1-4FC8-A84D-8AE07513F95D}.Release|Any CPU.ActiveCfg = Release|Any CPU
		{05BA5517-B3B1-4FC8-A84D-8AE07513F95D}.Release|Any CPU.Build.0 = Release|Any CPU
		{2E49E3C6-9C2F-41DA-B4F3-6869A43E7CBC}.Debug|Any CPU.ActiveCfg = Debug|Any CPU
		{2E49E3C6-9C2F-41DA-B4F3-6869A43E7CBC}.Debug|Any CPU.Build.0 = Debug|Any CPU
		{2E49E3C6-9C2F-41DA-B4F3-6869A43E7CBC}.Release|Any CPU.ActiveCfg = Release|Any CPU
		{2E49E3C6-9C2F-41DA-B4F3-6869A43E7CBC}.Release|Any CPU.Build.0 = Release|Any CPU
	EndGlobalSection
	GlobalSection(SolutionProperties) = preSolution
		HideSolutionNode = FALSE
	EndGlobalSection
	GlobalSection(ExtensibilityGlobals) = postSolution
		SolutionGuid = {9FC14DC1-BDB2-4294-B9E8-30A314B0A5B0}
	EndGlobalSection
EndGlobal
