
Microsoft Visual Studio Solution File, Format Version 12.00
# Visual Studio 15
VisualStudioVersion = 15.0.27004.2006
MinimumVisualStudioVersion = 10.0.40219.1
Project("{9A19103F-16F7-4668-BE54-9A1E7A4F7556}") = "01. Action Print", "01. Action Print\01. Action Print.csproj", "{58A2FE03-2998-45CF-B538-3B654E07FB34}"
EndProject
Project("{9A19103F-16F7-4668-BE54-9A1E7A4F7556}") = "02. Knights of Honor", "02. Knights of Honor\02. Knights of Honor.csproj", "{7761B13C-CD8E-4446-A28A-1D9F078BD04B}"
EndProject
Project("{9A19103F-16F7-4668-BE54-9A1E7A4F7556}") = "03. Custom Min Function", "03. Custom Min Function\03. Custom Min Function.csproj", "{4124B70C-A1B6-48F7-A86D-DB9840AE7947}"
EndProject
Project("{9A19103F-16F7-4668-BE54-9A1E7A4F7556}") = "04. Find Evens or Odds", "04. Find Evens or Odds\04. Find Evens or Odds.csproj", "{FFCCE1F6-A0EE-4415-9764-D8265412C6C1}"
EndProject
Project("{9A19103F-16F7-4668-BE54-9A1E7A4F7556}") = "05. Applied Arithmetics", "05. Applied Arithmetics\05. Applied Arithmetics.csproj", "{C125A960-518B-4289-9934-0F6A8796867F}"
EndProject
Project("{9A19103F-16F7-4668-BE54-9A1E7A4F7556}") = "06. Reverse And Exclude", "06. Reverse And Exclude\06. Reverse And Exclude.csproj", "{5ED7B26B-857A-4D23-A95C-D7B99904773E}"
EndProject
Project("{9A19103F-16F7-4668-BE54-9A1E7A4F7556}") = "07. Predicate For Names", "07. Predicate For Names\07. Predicate For Names.csproj", "{DEA1FF75-E6FE-440F-A03B-3F43F93AB9AD}"
EndProject
Project("{9A19103F-16F7-4668-BE54-9A1E7A4F7556}") = "08. Custom Comparator", "08. Custom Comparator\08. Custom Comparator.csproj", "{13A93C06-E9A6-4DB4-826C-241E0C0C9ABF}"
EndProject
Project("{9A19103F-16F7-4668-BE54-9A1E7A4F7556}") = "09. List Of Predicates", "09. List Of Predicates\09. List Of Predicates.csproj", "{3110ECB1-D2B8-4D54-BBC6-B8426F2FBA5D}"
EndProject
Project("{FAE04EC0-301F-11D3-BF4B-00C04F79EFBC}") = "10. Predicate Party!", "10. Predicate Party!\10. Predicate Party!.csproj", "{541F4A6F-7298-4619-9041-C855B8DCA46B}"
EndProject
Project("{FAE04EC0-301F-11D3-BF4B-00C04F79EFBC}") = "11. The Party Reservation Filter Module", "11. The Party Reservation Filter Module\11. The Party Reservation Filter Module.csproj", "{E590550A-E7BC-4D77-A9B9-B182C39FFD6A}"
EndProject
Project("{FAE04EC0-301F-11D3-BF4B-00C04F79EFBC}") = "12. Inferno III", "12. Inferno III\12. Inferno III.csproj", "{9F5313F3-76F5-4BD2-8558-585177B0360A}"
EndProject
Project("{FAE04EC0-301F-11D3-BF4B-00C04F79EFBC}") = "13. TriFunction", "13. TriFunction\13. TriFunction.csproj", "{BE82B457-84A2-45B0-A6EF-B066BFADE5E5}"
EndProject
Global
	GlobalSection(SolutionConfigurationPlatforms) = preSolution
		Debug|Any CPU = Debug|Any CPU
		Release|Any CPU = Release|Any CPU
	EndGlobalSection
	GlobalSection(ProjectConfigurationPlatforms) = postSolution
		{58A2FE03-2998-45CF-B538-3B654E07FB34}.Debug|Any CPU.ActiveCfg = Debug|Any CPU
		{58A2FE03-2998-45CF-B538-3B654E07FB34}.Debug|Any CPU.Build.0 = Debug|Any CPU
		{58A2FE03-2998-45CF-B538-3B654E07FB34}.Release|Any CPU.ActiveCfg = Release|Any CPU
		{58A2FE03-2998-45CF-B538-3B654E07FB34}.Release|Any CPU.Build.0 = Release|Any CPU
		{7761B13C-CD8E-4446-A28A-1D9F078BD04B}.Debug|Any CPU.ActiveCfg = Debug|Any CPU
		{7761B13C-CD8E-4446-A28A-1D9F078BD04B}.Debug|Any CPU.Build.0 = Debug|Any CPU
		{7761B13C-CD8E-4446-A28A-1D9F078BD04B}.Release|Any CPU.ActiveCfg = Release|Any CPU
		{7761B13C-CD8E-4446-A28A-1D9F078BD04B}.Release|Any CPU.Build.0 = Release|Any CPU
		{4124B70C-A1B6-48F7-A86D-DB9840AE7947}.Debug|Any CPU.ActiveCfg = Debug|Any CPU
		{4124B70C-A1B6-48F7-A86D-DB9840AE7947}.Debug|Any CPU.Build.0 = Debug|Any CPU
		{4124B70C-A1B6-48F7-A86D-DB9840AE7947}.Release|Any CPU.ActiveCfg = Release|Any CPU
		{4124B70C-A1B6-48F7-A86D-DB9840AE7947}.Release|Any CPU.Build.0 = Release|Any CPU
		{FFCCE1F6-A0EE-4415-9764-D8265412C6C1}.Debug|Any CPU.ActiveCfg = Debug|Any CPU
		{FFCCE1F6-A0EE-4415-9764-D8265412C6C1}.Debug|Any CPU.Build.0 = Debug|Any CPU
		{FFCCE1F6-A0EE-4415-9764-D8265412C6C1}.Release|Any CPU.ActiveCfg = Release|Any CPU
		{FFCCE1F6-A0EE-4415-9764-D8265412C6C1}.Release|Any CPU.Build.0 = Release|Any CPU
		{C125A960-518B-4289-9934-0F6A8796867F}.Debug|Any CPU.ActiveCfg = Debug|Any CPU
		{C125A960-518B-4289-9934-0F6A8796867F}.Debug|Any CPU.Build.0 = Debug|Any CPU
		{C125A960-518B-4289-9934-0F6A8796867F}.Release|Any CPU.ActiveCfg = Release|Any CPU
		{C125A960-518B-4289-9934-0F6A8796867F}.Release|Any CPU.Build.0 = Release|Any CPU
		{5ED7B26B-857A-4D23-A95C-D7B99904773E}.Debug|Any CPU.ActiveCfg = Debug|Any CPU
		{5ED7B26B-857A-4D23-A95C-D7B99904773E}.Debug|Any CPU.Build.0 = Debug|Any CPU
		{5ED7B26B-857A-4D23-A95C-D7B99904773E}.Release|Any CPU.ActiveCfg = Release|Any CPU
		{5ED7B26B-857A-4D23-A95C-D7B99904773E}.Release|Any CPU.Build.0 = Release|Any CPU
		{DEA1FF75-E6FE-440F-A03B-3F43F93AB9AD}.Debug|Any CPU.ActiveCfg = Debug|Any CPU
		{DEA1FF75-E6FE-440F-A03B-3F43F93AB9AD}.Debug|Any CPU.Build.0 = Debug|Any CPU
		{DEA1FF75-E6FE-440F-A03B-3F43F93AB9AD}.Release|Any CPU.ActiveCfg = Release|Any CPU
		{DEA1FF75-E6FE-440F-A03B-3F43F93AB9AD}.Release|Any CPU.Build.0 = Release|Any CPU
		{13A93C06-E9A6-4DB4-826C-241E0C0C9ABF}.Debug|Any CPU.ActiveCfg = Debug|Any CPU
		{13A93C06-E9A6-4DB4-826C-241E0C0C9ABF}.Debug|Any CPU.Build.0 = Debug|Any CPU
		{13A93C06-E9A6-4DB4-826C-241E0C0C9ABF}.Release|Any CPU.ActiveCfg = Release|Any CPU
		{13A93C06-E9A6-4DB4-826C-241E0C0C9ABF}.Release|Any CPU.Build.0 = Release|Any CPU
		{3110ECB1-D2B8-4D54-BBC6-B8426F2FBA5D}.Debug|Any CPU.ActiveCfg = Debug|Any CPU
		{3110ECB1-D2B8-4D54-BBC6-B8426F2FBA5D}.Debug|Any CPU.Build.0 = Debug|Any CPU
		{3110ECB1-D2B8-4D54-BBC6-B8426F2FBA5D}.Release|Any CPU.ActiveCfg = Release|Any CPU
		{3110ECB1-D2B8-4D54-BBC6-B8426F2FBA5D}.Release|Any CPU.Build.0 = Release|Any CPU
		{541F4A6F-7298-4619-9041-C855B8DCA46B}.Debug|Any CPU.ActiveCfg = Debug|Any CPU
		{541F4A6F-7298-4619-9041-C855B8DCA46B}.Debug|Any CPU.Build.0 = Debug|Any CPU
		{541F4A6F-7298-4619-9041-C855B8DCA46B}.Release|Any CPU.ActiveCfg = Release|Any CPU
		{541F4A6F-7298-4619-9041-C855B8DCA46B}.Release|Any CPU.Build.0 = Release|Any CPU
		{E590550A-E7BC-4D77-A9B9-B182C39FFD6A}.Debug|Any CPU.ActiveCfg = Debug|Any CPU
		{E590550A-E7BC-4D77-A9B9-B182C39FFD6A}.Debug|Any CPU.Build.0 = Debug|Any CPU
		{E590550A-E7BC-4D77-A9B9-B182C39FFD6A}.Release|Any CPU.ActiveCfg = Release|Any CPU
		{E590550A-E7BC-4D77-A9B9-B182C39FFD6A}.Release|Any CPU.Build.0 = Release|Any CPU
		{9F5313F3-76F5-4BD2-8558-585177B0360A}.Debug|Any CPU.ActiveCfg = Debug|Any CPU
		{9F5313F3-76F5-4BD2-8558-585177B0360A}.Debug|Any CPU.Build.0 = Debug|Any CPU
		{9F5313F3-76F5-4BD2-8558-585177B0360A}.Release|Any CPU.ActiveCfg = Release|Any CPU
		{9F5313F3-76F5-4BD2-8558-585177B0360A}.Release|Any CPU.Build.0 = Release|Any CPU
		{BE82B457-84A2-45B0-A6EF-B066BFADE5E5}.Debug|Any CPU.ActiveCfg = Debug|Any CPU
		{BE82B457-84A2-45B0-A6EF-B066BFADE5E5}.Debug|Any CPU.Build.0 = Debug|Any CPU
		{BE82B457-84A2-45B0-A6EF-B066BFADE5E5}.Release|Any CPU.ActiveCfg = Release|Any CPU
		{BE82B457-84A2-45B0-A6EF-B066BFADE5E5}.Release|Any CPU.Build.0 = Release|Any CPU
	EndGlobalSection
	GlobalSection(SolutionProperties) = preSolution
		HideSolutionNode = FALSE
	EndGlobalSection
	GlobalSection(ExtensibilityGlobals) = postSolution
		SolutionGuid = {7D34FFEA-FF1F-4170-A67D-38A815F74874}
	EndGlobalSection
EndGlobal
