
Microsoft Visual Studio Solution File, Format Version 12.00
# Visual Studio 15
VisualStudioVersion = 15.0.28307.329
MinimumVisualStudioVersion = 10.0.40219.1
Project("{9A19103F-16F7-4668-BE54-9A1E7A4F7556}") = "01.CableNetwork", "01.CableNetwork\01.CableNetwork.csproj", "{2C84846B-5A3A-4DFE-B423-4536F5B92923}"
EndProject
Project("{9A19103F-16F7-4668-BE54-9A1E7A4F7556}") = "02.ModdedKruskal", "02.ModdedKruskal\02.ModdedKruskal.csproj", "{0C3B2865-AFE1-48E9-B45E-CA21D126DFF5}"
EndProject
Project("{FAE04EC0-301F-11D3-BF4B-00C04F79EFBC}") = "03.MostReliablePath", "03.MostReliablePath\03.MostReliablePath.csproj", "{FDA47B59-E3CC-43AD-8B17-3A0F219535DD}"
EndProject
Global
	GlobalSection(SolutionConfigurationPlatforms) = preSolution
		Debug|Any CPU = Debug|Any CPU
		Release|Any CPU = Release|Any CPU
	EndGlobalSection
	GlobalSection(ProjectConfigurationPlatforms) = postSolution
		{2C84846B-5A3A-4DFE-B423-4536F5B92923}.Debug|Any CPU.ActiveCfg = Debug|Any CPU
		{2C84846B-5A3A-4DFE-B423-4536F5B92923}.Debug|Any CPU.Build.0 = Debug|Any CPU
		{2C84846B-5A3A-4DFE-B423-4536F5B92923}.Release|Any CPU.ActiveCfg = Release|Any CPU
		{2C84846B-5A3A-4DFE-B423-4536F5B92923}.Release|Any CPU.Build.0 = Release|Any CPU
		{0C3B2865-AFE1-48E9-B45E-CA21D126DFF5}.Debug|Any CPU.ActiveCfg = Debug|Any CPU
		{0C3B2865-AFE1-48E9-B45E-CA21D126DFF5}.Debug|Any CPU.Build.0 = Debug|Any CPU
		{0C3B2865-AFE1-48E9-B45E-CA21D126DFF5}.Release|Any CPU.ActiveCfg = Release|Any CPU
		{0C3B2865-AFE1-48E9-B45E-CA21D126DFF5}.Release|Any CPU.Build.0 = Release|Any CPU
		{FDA47B59-E3CC-43AD-8B17-3A0F219535DD}.Debug|Any CPU.ActiveCfg = Debug|Any CPU
		{FDA47B59-E3CC-43AD-8B17-3A0F219535DD}.Debug|Any CPU.Build.0 = Debug|Any CPU
		{FDA47B59-E3CC-43AD-8B17-3A0F219535DD}.Release|Any CPU.ActiveCfg = Release|Any CPU
		{FDA47B59-E3CC-43AD-8B17-3A0F219535DD}.Release|Any CPU.Build.0 = Release|Any CPU
	EndGlobalSection
	GlobalSection(SolutionProperties) = preSolution
		HideSolutionNode = FALSE
	EndGlobalSection
	GlobalSection(ExtensibilityGlobals) = postSolution
		SolutionGuid = {AEEED3EE-33E6-48B0-9D35-EC815F4C493C}
	EndGlobalSection
EndGlobal
