
Microsoft Visual Studio Solution File, Format Version 12.00
# Visual Studio 15
VisualStudioVersion = 15.0.28307.329
MinimumVisualStudioVersion = 10.0.40219.1
Project("{9A19103F-16F7-4668-BE54-9A1E7A4F7556}") = "01.Zerg", "01.Zerg\01.Zerg.csproj", "{FE35D068-0A99-4C8E-9D4D-F00618CD6A37}"
EndProject
Project("{9A19103F-16F7-4668-BE54-9A1E7A4F7556}") = "02.Protoss", "02.Protoss\02.Protoss.csproj", "{448FD780-2FA2-4FE6-89CB-17679B3DCEE3}"
EndProject
Project("{9A19103F-16F7-4668-BE54-9A1E7A4F7556}") = "03.Terran", "03.Terran\03.Terran.csproj", "{BC464048-94FB-4D66-A264-3B0667639411}"
EndProject
Project("{FAE04EC0-301F-11D3-BF4B-00C04F79EFBC}") = "04.XelNaga", "04.XelNaga\04.XelNaga.csproj", "{72E6F924-0DE8-48E8-9D31-3A61143289E9}"
EndProject
Global
	GlobalSection(SolutionConfigurationPlatforms) = preSolution
		Debug|Any CPU = Debug|Any CPU
		Release|Any CPU = Release|Any CPU
	EndGlobalSection
	GlobalSection(ProjectConfigurationPlatforms) = postSolution
		{FE35D068-0A99-4C8E-9D4D-F00618CD6A37}.Debug|Any CPU.ActiveCfg = Debug|Any CPU
		{FE35D068-0A99-4C8E-9D4D-F00618CD6A37}.Debug|Any CPU.Build.0 = Debug|Any CPU
		{FE35D068-0A99-4C8E-9D4D-F00618CD6A37}.Release|Any CPU.ActiveCfg = Release|Any CPU
		{FE35D068-0A99-4C8E-9D4D-F00618CD6A37}.Release|Any CPU.Build.0 = Release|Any CPU
		{448FD780-2FA2-4FE6-89CB-17679B3DCEE3}.Debug|Any CPU.ActiveCfg = Debug|Any CPU
		{448FD780-2FA2-4FE6-89CB-17679B3DCEE3}.Debug|Any CPU.Build.0 = Debug|Any CPU
		{448FD780-2FA2-4FE6-89CB-17679B3DCEE3}.Release|Any CPU.ActiveCfg = Release|Any CPU
		{448FD780-2FA2-4FE6-89CB-17679B3DCEE3}.Release|Any CPU.Build.0 = Release|Any CPU
		{BC464048-94FB-4D66-A264-3B0667639411}.Debug|Any CPU.ActiveCfg = Debug|Any CPU
		{BC464048-94FB-4D66-A264-3B0667639411}.Debug|Any CPU.Build.0 = Debug|Any CPU
		{BC464048-94FB-4D66-A264-3B0667639411}.Release|Any CPU.ActiveCfg = Release|Any CPU
		{BC464048-94FB-4D66-A264-3B0667639411}.Release|Any CPU.Build.0 = Release|Any CPU
		{72E6F924-0DE8-48E8-9D31-3A61143289E9}.Debug|Any CPU.ActiveCfg = Debug|Any CPU
		{72E6F924-0DE8-48E8-9D31-3A61143289E9}.Debug|Any CPU.Build.0 = Debug|Any CPU
		{72E6F924-0DE8-48E8-9D31-3A61143289E9}.Release|Any CPU.ActiveCfg = Release|Any CPU
		{72E6F924-0DE8-48E8-9D31-3A61143289E9}.Release|Any CPU.Build.0 = Release|Any CPU
	EndGlobalSection
	GlobalSection(SolutionProperties) = preSolution
		HideSolutionNode = FALSE
	EndGlobalSection
	GlobalSection(ExtensibilityGlobals) = postSolution
		SolutionGuid = {2A13CEF2-45F8-4B84-9403-8D9A8759E688}
	EndGlobalSection
EndGlobal
