
Microsoft Visual Studio Solution File, Format Version 12.00
# Visual Studio 15
VisualStudioVersion = 15.0.27004.2006
MinimumVisualStudioVersion = 10.0.40219.1
Project("{FAE04EC0-301F-11D3-BF4B-00C04F79EFBC}") = "Last Army", "Last Army\Last Army.csproj", "{FA1AC72F-2CD0-4247-9078-B9BD8C9216CC}"
EndProject
Project("{FAE04EC0-301F-11D3-BF4B-00C04F79EFBC}") = "LastArmy.Tests", "LastArmy.Tests\LastArmy.Tests.csproj", "{8D415CB3-E0AE-4027-9D69-C68C3727F713}"
EndProject
Project("{FAE04EC0-301F-11D3-BF4B-00C04F79EFBC}") = "LastArmyVisualStudio.Tests", "LastArmyVisualStudio.Tests\LastArmyVisualStudio.Tests.csproj", "{A03114AA-A86E-4323-9B41-1D40F5599F7E}"
EndProject
Global
	GlobalSection(SolutionConfigurationPlatforms) = preSolution
		Debug|Any CPU = Debug|Any CPU
		Release|Any CPU = Release|Any CPU
	EndGlobalSection
	GlobalSection(ProjectConfigurationPlatforms) = postSolution
		{FA1AC72F-2CD0-4247-9078-B9BD8C9216CC}.Debug|Any CPU.ActiveCfg = Debug|Any CPU
		{FA1AC72F-2CD0-4247-9078-B9BD8C9216CC}.Debug|Any CPU.Build.0 = Debug|Any CPU
		{FA1AC72F-2CD0-4247-9078-B9BD8C9216CC}.Release|Any CPU.ActiveCfg = Release|Any CPU
		{FA1AC72F-2CD0-4247-9078-B9BD8C9216CC}.Release|Any CPU.Build.0 = Release|Any CPU
		{8D415CB3-E0AE-4027-9D69-C68C3727F713}.Debug|Any CPU.ActiveCfg = Debug|Any CPU
		{8D415CB3-E0AE-4027-9D69-C68C3727F713}.Debug|Any CPU.Build.0 = Debug|Any CPU
		{8D415CB3-E0AE-4027-9D69-C68C3727F713}.Release|Any CPU.ActiveCfg = Release|Any CPU
		{8D415CB3-E0AE-4027-9D69-C68C3727F713}.Release|Any CPU.Build.0 = Release|Any CPU
		{A03114AA-A86E-4323-9B41-1D40F5599F7E}.Debug|Any CPU.ActiveCfg = Debug|Any CPU
		{A03114AA-A86E-4323-9B41-1D40F5599F7E}.Debug|Any CPU.Build.0 = Debug|Any CPU
		{A03114AA-A86E-4323-9B41-1D40F5599F7E}.Release|Any CPU.ActiveCfg = Release|Any CPU
		{A03114AA-A86E-4323-9B41-1D40F5599F7E}.Release|Any CPU.Build.0 = Release|Any CPU
	EndGlobalSection
	GlobalSection(SolutionProperties) = preSolution
		HideSolutionNode = FALSE
	EndGlobalSection
	GlobalSection(ExtensibilityGlobals) = postSolution
		SolutionGuid = {AA12A97B-3094-4A2F-8CD5-910B55CEEC33}
	EndGlobalSection
EndGlobal
