
Microsoft Visual Studio Solution File, Format Version 12.00
# Visual Studio 15
VisualStudioVersion = 15.0.27004.2006
MinimumVisualStudioVersion = 10.0.40219.1
Project("{FAE04EC0-301F-11D3-BF4B-00C04F79EFBC}") = "P01_BillsPaymentSystem.Data", "P01_BillsPaymentSystem.Data\P01_BillsPaymentSystem.Data.csproj", "{C900BC42-1C33-4D31-91F8-FE24CD6212C7}"
EndProject
Project("{FAE04EC0-301F-11D3-BF4B-00C04F79EFBC}") = "P01_BillsPaymentSystem.App", "P01_BillsPaymentSystem.App\P01_BillsPaymentSystem.App.csproj", "{0A981BA1-02CA-4E65-A179-CFE003D71478}"
EndProject
Project("{FAE04EC0-301F-11D3-BF4B-00C04F79EFBC}") = "P01_BillsPaymentSystem.Data.Models", "P01_BillsPaymentSystem.Data.Models\P01_BillsPaymentSystem.Data.Models.csproj", "{C88A8C2B-5861-43D7-AA7B-885FC321F3F6}"
EndProject
Global
	GlobalSection(SolutionConfigurationPlatforms) = preSolution
		Debug|Any CPU = Debug|Any CPU
		Release|Any CPU = Release|Any CPU
	EndGlobalSection
	GlobalSection(ProjectConfigurationPlatforms) = postSolution
		{C900BC42-1C33-4D31-91F8-FE24CD6212C7}.Debug|Any CPU.ActiveCfg = Debug|Any CPU
		{C900BC42-1C33-4D31-91F8-FE24CD6212C7}.Debug|Any CPU.Build.0 = Debug|Any CPU
		{C900BC42-1C33-4D31-91F8-FE24CD6212C7}.Release|Any CPU.ActiveCfg = Release|Any CPU
		{C900BC42-1C33-4D31-91F8-FE24CD6212C7}.Release|Any CPU.Build.0 = Release|Any CPU
		{0A981BA1-02CA-4E65-A179-CFE003D71478}.Debug|Any CPU.ActiveCfg = Debug|Any CPU
		{0A981BA1-02CA-4E65-A179-CFE003D71478}.Debug|Any CPU.Build.0 = Debug|Any CPU
		{0A981BA1-02CA-4E65-A179-CFE003D71478}.Release|Any CPU.ActiveCfg = Release|Any CPU
		{0A981BA1-02CA-4E65-A179-CFE003D71478}.Release|Any CPU.Build.0 = Release|Any CPU
		{C88A8C2B-5861-43D7-AA7B-885FC321F3F6}.Debug|Any CPU.ActiveCfg = Debug|Any CPU
		{C88A8C2B-5861-43D7-AA7B-885FC321F3F6}.Debug|Any CPU.Build.0 = Debug|Any CPU
		{C88A8C2B-5861-43D7-AA7B-885FC321F3F6}.Release|Any CPU.ActiveCfg = Release|Any CPU
		{C88A8C2B-5861-43D7-AA7B-885FC321F3F6}.Release|Any CPU.Build.0 = Release|Any CPU
	EndGlobalSection
	GlobalSection(SolutionProperties) = preSolution
		HideSolutionNode = FALSE
	EndGlobalSection
	GlobalSection(ExtensibilityGlobals) = postSolution
		SolutionGuid = {CB3A1516-B003-4016-A5B7-2BBAFE11B6EF}
	EndGlobalSection
EndGlobal
